{
  "pins" : [
    {
      "identity" : "aatkitspm",
      "kind" : "remoteSourceControl",
      "location" : "https://github.com/AddApptr/AATKitSPM.git",
      "state" : {
        "revision" : "90c7dd949cd2eb60c8bd297b2693b51bd38a6a58",
        "version" : "3.12.7"
      }
    },
    {
      "identity" : "appharbrsdk",
      "kind" : "remoteSourceControl",
      "location" : "https://github.com/GeoEdgeSDK/AppHarbrSDK.git",
      "state" : {
        "revision" : "7c095317680b6f9d7c04a507d5daa75693965d7e",
        "version" : "1.21.0"
      }
    },
    {
      "identity" : "applovin-max-swift-package",
      "kind" : "remoteSourceControl",
      "location" : "https://github.com/AppLovin/AppLovin-MAX-Swift-Package.git",
      "state" : {
        "revision" : "1939e7903783a0991acf0abab9b16697a08b73ca",
        "version" : "13.2.0"
      }
    },
    {
      "identity" : "ios-cmp-app",
      "kind" : "remoteSourceControl",
      "location" : "https://github.com/SourcePointUSA/ios-cmp-app.git",
      "state" : {
        "revision" : "da32e91eec60a8c6e3133170723f00e388d26b5f",
        "version" : "7.7.7"
      }
    },
    {
      "identity" : "promisekit",
      "kind" : "remoteSourceControl",
      "location" : "https://github.com/mxcl/PromiseKit.git",
      "state" : {
        "revision" : "2bc44395edb4f8391902a9ff7c220471882a4d07",
        "version" : "8.2.0"
      }
    },
    {
      "identity" : "rtbspm",
      "kind" : "remoteSourceControl",
      "location" : "https://github.com/AddApptr/RTBSPM.git",
      "state" : {
        "revision" : "35f5f172e91246ade67d75dbd28455aa4164ebf9",
        "version" : "1.6.3"
      }
    },
    {
      "identity" : "swift-package-manager-google-mobile-ads",
      "kind" : "remoteSourceControl",
      "location" : "https://github.com/googleads/swift-package-manager-google-mobile-ads.git",
      "state" : {
        "revision" : "ab4c3ec7546c7566fe49918fc9461df44e015537",
        "version" : "12.2.0"
      }
    },
    {
      "identity" : "swift-package-manager-google-user-messaging-platform",
      "kind" : "remoteSourceControl",
      "location" : "https://github.com/googleads/swift-package-manager-google-user-messaging-platform.git",
      "state" : {
        "revision" : "708a282840c2171ee63bd93b87afa49fe507d70e",
        "version" : "2.7.0"
      }
    }
  ],
  "version" : 2
}
